// !$*UTF8*$!
{
	archiveVersion = 1;
	classes = {
	};
	objectVersion = 55;
	objects = {

/* Begin PBXBuildFile section */
		14A884A637A7E23CE8FD23E5 /* Pods_BinarySW.framework in Frameworks */ = {isa = PBXBuildFile; fileRef = 08381B62B028F9FE87A398F3 /* Pods_BinarySW.framework */; };
		E4093918282D0BC1002EAF6B /* AppDelegate.swift in Sources */ = {isa = PBXBuildFile; fileRef = E4093917282D0BC1002EAF6B /* AppDelegate.swift */; };
		E409391A282D0BC1002EAF6B /* SceneDelegate.swift in Sources */ = {isa = PBXBuildFile; fileRef = E4093919282D0BC1002EAF6B /* SceneDelegate.swift */; };
		E409391C282D0BC1002EAF6B /* ViewController.swift in Sources */ = {isa = PBXBuildFile; fileRef = E409391B282D0BC1002EAF6B /* ViewController.swift */; };
		E409391F282D0BC1002EAF6B /* Main.storyboard in Resources */ = {isa = PBXBuildFile; fileRef = E409391D282D0BC1002EAF6B /* Main.storyboard */; };
		E4093921282D0BC4002EAF6B /* Assets.xcassets in Resources */ = {isa = PBXBuildFile; fileRef = E4093920282D0BC4002EAF6B /* Assets.xcassets */; };
		E4093924282D0BC4002EAF6B /* LaunchScreen.storyboard in Resources */ = {isa = PBXBuildFile; fileRef = E4093922282D0BC4002EAF6B /* LaunchScreen.storyboard */; };
		E409392C282D0DA0002EAF6B /* TimeViewController.swift in Sources */ = {isa = PBXBuildFile; fileRef = E409392B282D0DA0002EAF6B /* TimeViewController.swift */; };
		E49A76B0282EC437009FE6B4 /* CustomLabel.swift in Sources */ = {isa = PBXBuildFile; fileRef = E49A76AF282EC437009FE6B4 /* CustomLabel.swift */; };
/* End PBXBuildFile section */

/* Begin PBXFileReference section */
		0051EB121C05C51B49447FB7 /* Pods-BinarySW.release.xcconfig */ = {isa = PBXFileReference; includeInIndex = 1; lastKnownFileType = text.xcconfig; name = "Pods-BinarySW.release.xcconfig"; path = "Target Support Files/Pods-BinarySW/Pods-BinarySW.release.xcconfig"; sourceTree = "<group>"; };
		08381B62B028F9FE87A398F3 /* Pods_BinarySW.framework */ = {isa = PBXFileReference; explicitFileType = wrapper.framework; includeInIndex = 0; path = Pods_BinarySW.framework; sourceTree = BUILT_PRODUCTS_DIR; };
		DB5CC840DC99D4E8AD509A3A /* Pods-BinarySW.debug.xcconfig */ = {isa = PBXFileReference; includeInIndex = 1; lastKnownFileType = text.xcconfig; name = "Pods-BinarySW.debug.xcconfig"; path = "Target Support Files/Pods-BinarySW/Pods-BinarySW.debug.xcconfig"; sourceTree = "<group>"; };
		E4093914282D0BC1002EAF6B /* BinarySW.app */ = {isa = PBXFileReference; explicitFileType = wrapper.application; includeInIndex = 0; path = BinarySW.app; sourceTree = BUILT_PRODUCTS_DIR; };
		E4093917282D0BC1002EAF6B /* AppDelegate.swift */ = {isa = PBXFileReference; lastKnownFileType = sourcecode.swift; path = AppDelegate.swift; sourceTree = "<group>"; };
		E4093919282D0BC1002EAF6B /* SceneDelegate.swift */ = {isa = PBXFileReference; lastKnownFileType = sourcecode.swift; path = SceneDelegate.swift; sourceTree = "<group>"; };
		E409391B282D0BC1002EAF6B /* ViewController.swift */ = {isa = PBXFileReference; lastKnownFileType = sourcecode.swift; path = ViewController.swift; sourceTree = "<group>"; };
		E409391E282D0BC1002EAF6B /* Base */ = {isa = PBXFileReference; lastKnownFileType = file.storyboard; name = Base; path = Base.lproj/Main.storyboard; sourceTree = "<group>"; };
		E4093920282D0BC4002EAF6B /* Assets.xcassets */ = {isa = PBXFileReference; lastKnownFileType = folder.assetcatalog; path = Assets.xcassets; sourceTree = "<group>"; };
		E4093923282D0BC4002EAF6B /* Base */ = {isa = PBXFileReference; lastKnownFileType = file.storyboard; name = Base; path = Base.lproj/LaunchScreen.storyboard; sourceTree = "<group>"; };
		E4093925282D0BC4002EAF6B /* Info.plist */ = {isa = PBXFileReference; lastKnownFileType = text.plist.xml; path = Info.plist; sourceTree = "<group>"; };
		E409392B282D0DA0002EAF6B /* TimeViewController.swift */ = {isa = PBXFileReference; lastKnownFileType = sourcecode.swift; path = TimeViewController.swift; sourceTree = "<group>"; };
		E49A76AF282EC437009FE6B4 /* CustomLabel.swift */ = {isa = PBXFileReference; lastKnownFileType = sourcecode.swift; path = CustomLabel.swift; sourceTree = "<group>"; };
/* End PBXFileReference section */

/* Begin PBXFrameworksBuildPhase section */
		E4093911282D0BC1002EAF6B /* Frameworks */ = {
			isa = PBXFrameworksBuildPhase;
			buildActionMask = 2147483647;
			files = (
				14A884A637A7E23CE8FD23E5 /* Pods_BinarySW.framework in Frameworks */,
			);
			runOnlyForDeploymentPostprocessing = 0;
		};
/* End PBXFrameworksBuildPhase section */

/* Begin PBXGroup section */
		389B1DF166F987085AADCC14 /* Pods */ = {
			isa = PBXGroup;
			children = (
				DB5CC840DC99D4E8AD509A3A /* Pods-BinarySW.debug.xcconfig */,
				0051EB121C05C51B49447FB7 /* Pods-BinarySW.release.xcconfig */,
			);
			path = Pods;
			sourceTree = "<group>";
		};
		E25F0E1AB13D04F0EB2B2938 /* Frameworks */ = {
			isa = PBXGroup;
			children = (
				08381B62B028F9FE87A398F3 /* Pods_BinarySW.framework */,
			);
			name = Frameworks;
			sourceTree = "<group>";
		};
		E409390B282D0BC1002EAF6B = {
			isa = PBXGroup;
			children = (
				E4093916282D0BC1002EAF6B /* BinarySW */,
				E4093915282D0BC1002EAF6B /* Products */,
				389B1DF166F987085AADCC14 /* Pods */,
				E25F0E1AB13D04F0EB2B2938 /* Frameworks */,
			);
			sourceTree = "<group>";
		};
		E4093915282D0BC1002EAF6B /* Products */ = {
			isa = PBXGroup;
			children = (
				E4093914282D0BC1002EAF6B /* BinarySW.app */,
			);
			name = Products;
			sourceTree = "<group>";
		};
		E4093916282D0BC1002EAF6B /* BinarySW */ = {
			isa = PBXGroup;
			children = (
				E49A76AF282EC437009FE6B4 /* CustomLabel.swift */,
				E4093917282D0BC1002EAF6B /* AppDelegate.swift */,
				E4093919282D0BC1002EAF6B /* SceneDelegate.swift */,
				E409391B282D0BC1002EAF6B /* ViewController.swift */,
				E409391D282D0BC1002EAF6B /* Main.storyboard */,
				E409392B282D0DA0002EAF6B /* TimeViewController.swift */,
				E4093920282D0BC4002EAF6B /* Assets.xcassets */,
				E4093922282D0BC4002EAF6B /* LaunchScreen.storyboard */,
				E4093925282D0BC4002EAF6B /* Info.plist */,
			);
			path = BinarySW;
			sourceTree = "<group>";
		};
/* End PBXGroup section */

/* Begin PBXNativeTarget section */
		E4093913282D0BC1002EAF6B /* BinarySW */ = {
			isa = PBXNativeTarget;
			buildConfigurationList = E4093928282D0BC4002EAF6B /* Build configuration list for PBXNativeTarget "BinarySW" */;
			buildPhases = (
				21A3D0B142C12672DF3F85C1 /* [CP] Check Pods Manifest.lock */,
				E4093910282D0BC1002EAF6B /* Sources */,
				E4093911282D0BC1002EAF6B /* Frameworks */,
				E4093912282D0BC1002EAF6B /* Resources */,
				7436B08BB3A7184EC5E5EBE5 /* [CP] Embed Pods Frameworks */,
			);
			buildRules = (
			);
			dependencies = (
			);
			name = BinarySW;
			productName = Binary;
			productReference = E4093914282D0BC1002EAF6B /* BinarySW.app */;
			productType = "com.apple.product-type.application";
		};
/* End PBXNativeTarget section */

/* Begin PBXProject section */
		E409390C282D0BC1002EAF6B /* Project object */ = {
			isa = PBXProject;
			attributes = {
				BuildIndependentTargetsInParallel = 1;
				LastSwiftUpdateCheck = 1330;
				LastUpgradeCheck = 1330;
				TargetAttributes = {
					E4093913282D0BC1002EAF6B = {
						CreatedOnToolsVersion = 13.3;
					};
				};
			};
			buildConfigurationList = E409390F282D0BC1002EAF6B /* Build configuration list for PBXProject "BinarySW" */;
			compatibilityVersion = "Xcode 13.0";
			developmentRegion = en;
			hasScannedForEncodings = 0;
			knownRegions = (
				en,
				Base,
			);
			mainGroup = E409390B282D0BC1002EAF6B;
			productRefGroup = E4093915282D0BC1002EAF6B /* Products */;
			projectDirPath = "";
			projectRoot = "";
			targets = (
				E4093913282D0BC1002EAF6B /* BinarySW */,
			);
		};
/* End PBXProject section */

/* Begin PBXResourcesBuildPhase section */
		E4093912282D0BC1002EAF6B /* Resources */ = {
			isa = PBXResourcesBuildPhase;
			buildActionMask = 2147483647;
			files = (
				E4093924282D0BC4002EAF6B /* LaunchScreen.storyboard in Resources */,
				E4093921282D0BC4002EAF6B /* Assets.xcassets in Resources */,
				E409391F282D0BC1002EAF6B /* Main.storyboard in Resources */,
			);
			runOnlyForDeploymentPostprocessing = 0;
		};
/* End PBXResourcesBuildPhase section */

/* Begin PBXShellScriptBuildPhase section */
		21A3D0B142C12672DF3F85C1 /* [CP] Check Pods Manifest.lock */ = {
			isa = PBXShellScriptBuildPhase;
			buildActionMask = 2147483647;
			files = (
			);
			inputFileListPaths = (
			);
			inputPaths = (
				"${PODS_PODFILE_DIR_PATH}/Podfile.lock",
				"${PODS_ROOT}/Manifest.lock",
			);
			name = "[CP] Check Pods Manifest.lock";
			outputFileListPaths = (
			);
			outputPaths = (
				"$(DERIVED_FILE_DIR)/Pods-BinarySW-checkManifestLockResult.txt",
			);
			runOnlyForDeploymentPostprocessing = 0;
			shellPath = /bin/sh;
			shellScript = "diff \"${PODS_PODFILE_DIR_PATH}/Podfile.lock\" \"${PODS_ROOT}/Manifest.lock\" > /dev/null\nif [ $? != 0 ] ; then\n    # print error to STDERR\n    echo \"error: The sandbox is not in sync with the Podfile.lock. Run 'pod install' or update your CocoaPods installation.\" >&2\n    exit 1\nfi\n# This output is used by Xcode 'outputs' to avoid re-running this script phase.\necho \"SUCCESS\" > \"${SCRIPT_OUTPUT_FILE_0}\"\n";
			showEnvVarsInLog = 0;
		};
		7436B08BB3A7184EC5E5EBE5 /* [CP] Embed Pods Frameworks */ = {
			isa = PBXShellScriptBuildPhase;
			buildActionMask = 2147483647;
			files = (
			);
			inputFileListPaths = (
				"${PODS_ROOT}/Target Support Files/Pods-BinarySW/Pods-BinarySW-frameworks-${CONFIGURATION}-input-files.xcfilelist",
			);
			name = "[CP] Embed Pods Frameworks";
			outputFileListPaths = (
				"${PODS_ROOT}/Target Support Files/Pods-BinarySW/Pods-BinarySW-frameworks-${CONFIGURATION}-output-files.xcfilelist",
			);
			runOnlyForDeploymentPostprocessing = 0;
			shellPath = /bin/sh;
			shellScript = "\"${PODS_ROOT}/Target Support Files/Pods-BinarySW/Pods-BinarySW-frameworks.sh\"\n";
			showEnvVarsInLog = 0;
		};
/* End PBXShellScriptBuildPhase section */

/* Begin PBXSourcesBuildPhase section */
		E4093910282D0BC1002EAF6B /* Sources */ = {
			isa = PBXSourcesBuildPhase;
			buildActionMask = 2147483647;
			files = (
				E409391C282D0BC1002EAF6B /* ViewController.swift in Sources */,
				E49A76B0282EC437009FE6B4 /* CustomLabel.swift in Sources */,
				E409392C282D0DA0002EAF6B /* TimeViewController.swift in Sources */,
				E4093918282D0BC1002EAF6B /* AppDelegate.swift in Sources */,
				E409391A282D0BC1002EAF6B /* SceneDelegate.swift in Sources */,
			);
			runOnlyForDeploymentPostprocessing = 0;
		};
/* End PBXSourcesBuildPhase section */

/* Begin PBXVariantGroup section */
		E409391D282D0BC1002EAF6B /* Main.storyboard */ = {
			isa = PBXVariantGroup;
			children = (
				E409391E282D0BC1002EAF6B /* Base */,
			);
			name = Main.storyboard;
			sourceTree = "<group>";
		};
		E4093922282D0BC4002EAF6B /* LaunchScreen.storyboard */ = {
			isa = PBXVariantGroup;
			children = (
				E4093923282D0BC4002EAF6B /* Base */,
			);
			name = LaunchScreen.storyboard;
			sourceTree = "<group>";
		};
/* End PBXVariantGroup section */

/* Begin XCBuildConfiguration section */
		E4093926282D0BC4002EAF6B /* Debug */ = {
			isa = XCBuildConfiguration;
			buildSettings = {
				ALWAYS_SEARCH_USER_PATHS = NO;
				CLANG_ANALYZER_NONNULL = YES;
				CLANG_ANALYZER_NUMBER_OBJECT_CONVERSION = YES_AGGRESSIVE;
				CLANG_CXX_LANGUAGE_STANDARD = "gnu++17";
				CLANG_ENABLE_MODULES = YES;
				CLANG_ENABLE_OBJC_ARC = YES;
				CLANG_ENABLE_OBJC_WEAK = YES;
				CLANG_WARN_BLOCK_CAPTURE_AUTORELEASING = YES;
				CLANG_WARN_BOOL_CONVERSION = YES;
				CLANG_WARN_COMMA = YES;
				CLANG_WARN_CONSTANT_CONVERSION = YES;
				CLANG_WARN_DEPRECATED_OBJC_IMPLEMENTATIONS = YES;
				CLANG_WARN_DIRECT_OBJC_ISA_USAGE = YES_ERROR;
				CLANG_WARN_DOCUMENTATION_COMMENTS = YES;
				CLANG_WARN_EMPTY_BODY = YES;
				CLANG_WARN_ENUM_CONVERSION = YES;
				CLANG_WARN_INFINITE_RECURSION = YES;
				CLANG_WARN_INT_CONVERSION = YES;
				CLANG_WARN_NON_LITERAL_NULL_CONVERSION = YES;
				CLANG_WARN_OBJC_IMPLICIT_RETAIN_SELF = YES;
				CLANG_WARN_OBJC_LITERAL_CONVERSION = YES;
				CLANG_WARN_OBJC_ROOT_CLASS = YES_ERROR;
				CLANG_WARN_QUOTED_INCLUDE_IN_FRAMEWORK_HEADER = YES;
				CLANG_WARN_RANGE_LOOP_ANALYSIS = YES;
				CLANG_WARN_STRICT_PROTOTYPES = YES;
				CLANG_WARN_SUSPICIOUS_MOVE = YES;
				CLANG_WARN_UNGUARDED_AVAILABILITY = YES_AGGRESSIVE;
				CLANG_WARN_UNREACHABLE_CODE = YES;
				CLANG_WARN__DUPLICATE_METHOD_MATCH = YES;
				COPY_PHASE_STRIP = NO;
				DEBUG_INFORMATION_FORMAT = dwarf;
				ENABLE_STRICT_OBJC_MSGSEND = YES;
				ENABLE_TESTABILITY = YES;
				GCC_C_LANGUAGE_STANDARD = gnu11;
				GCC_DYNAMIC_NO_PIC = NO;
				GCC_NO_COMMON_BLOCKS = YES;
				GCC_OPTIMIZATION_LEVEL = 0;
				GCC_PREPROCESSOR_DEFINITIONS = (
					"DEBUG=1",
					"$(inherited)",
				);
				GCC_WARN_64_TO_32_BIT_CONVERSION = YES;
				GCC_WARN_ABOUT_RETURN_TYPE = YES_ERROR;
				GCC_WARN_UNDECLARED_SELECTOR = YES;
				GCC_WARN_UNINITIALIZED_AUTOS = YES_AGGRESSIVE;
				GCC_WARN_UNUSED_FUNCTION = YES;
				GCC_WARN_UNUSED_VARIABLE = YES;
				IPHONEOS_DEPLOYMENT_TARGET = 15.4;
				MTL_ENABLE_DEBUG_INFO = INCLUDE_SOURCE;
				MTL_FAST_MATH = YES;
				ONLY_ACTIVE_ARCH = YES;
				SDKROOT = iphoneos;
				SWIFT_ACTIVE_COMPILATION_CONDITIONS = DEBUG;
				SWIFT_OPTIMIZATION_LEVEL = "-Onone";
			};
			name = Debug;
		};
		E4093927282D0BC4002EAF6B /* Release */ = {
			isa = XCBuildConfiguration;
			buildSettings = {
				ALWAYS_SEARCH_USER_PATHS = NO;
				CLANG_ANALYZER_NONNULL = YES;
				CLANG_ANALYZER_NUMBER_OBJECT_CONVERSION = YES_AGGRESSIVE;
				CLANG_CXX_LANGUAGE_STANDARD = "gnu++17";
				CLANG_ENABLE_MODULES = YES;
				CLANG_ENABLE_OBJC_ARC = YES;
				CLANG_ENABLE_OBJC_WEAK = YES;
				CLANG_WARN_BLOCK_CAPTURE_AUTORELEASING = YES;
				CLANG_WARN_BOOL_CONVERSION = YES;
				CLANG_WARN_COMMA = YES;
				CLANG_WARN_CONSTANT_CONVERSION = YES;
				CLANG_WARN_DEPRECATED_OBJC_IMPLEMENTATIONS = YES;
				CLANG_WARN_DIRECT_OBJC_ISA_USAGE = YES_ERROR;
				CLANG_WARN_DOCUMENTATION_COMMENTS = YES;
				CLANG_WARN_EMPTY_BODY = YES;
				CLANG_WARN_ENUM_CONVERSION = YES;
				CLANG_WARN_INFINITE_RECURSION = YES;
				CLANG_WARN_INT_CONVERSION = YES;
				CLANG_WARN_NON_LITERAL_NULL_CONVERSION = YES;
				CLANG_WARN_OBJC_IMPLICIT_RETAIN_SELF = YES;
				CLANG_WARN_OBJC_LITERAL_CONVERSION = YES;
				CLANG_WARN_OBJC_ROOT_CLASS = YES_ERROR;
				CLANG_WARN_QUOTED_INCLUDE_IN_FRAMEWORK_HEADER = YES;
				CLANG_WARN_RANGE_LOOP_ANALYSIS = YES;
				CLANG_WARN_STRICT_PROTOTYPES = YES;
				CLANG_WARN_SUSPICIOUS_MOVE = YES;
				CLANG_WARN_UNGUARDED_AVAILABILITY = YES_AGGRESSIVE;
				CLANG_WARN_UNREACHABLE_CODE = YES;
				CLANG_WARN__DUPLICATE_METHOD_MATCH = YES;
				COPY_PHASE_STRIP = NO;
				DEBUG_INFORMATION_FORMAT = "dwarf-with-dsym";
				ENABLE_NS_ASSERTIONS = NO;
				ENABLE_STRICT_OBJC_MSGSEND = YES;
				GCC_C_LANGUAGE_STANDARD = gnu11;
				GCC_NO_COMMON_BLOCKS = YES;
				GCC_WARN_64_TO_32_BIT_CONVERSION = YES;
				GCC_WARN_ABOUT_RETURN_TYPE = YES_ERROR;
				GCC_WARN_UNDECLARED_SELECTOR = YES;
				GCC_WARN_UNINITIALIZED_AUTOS = YES_AGGRESSIVE;
				GCC_WARN_UNUSED_FUNCTION = YES;
				GCC_WARN_UNUSED_VARIABLE = YES;
				IPHONEOS_DEPLOYMENT_TARGET = 15.4;
				MTL_ENABLE_DEBUG_INFO = NO;
				MTL_FAST_MATH = YES;
				SDKROOT = iphoneos;
				SWIFT_COMPILATION_MODE = wholemodule;
				SWIFT_OPTIMIZATION_LEVEL = "-O";
				VALIDATE_PRODUCT = YES;
			};
			name = Release;
		};
		E4093929282D0BC4002EAF6B /* Debug */ = {
			isa = XCBuildConfiguration;
			baseConfigurationReference = DB5CC840DC99D4E8AD509A3A /* Pods-BinarySW.debug.xcconfig */;
			buildSettings = {
				ASSETCATALOG_COMPILER_APPICON_NAME = AppIcon;
				ASSETCATALOG_COMPILER_GLOBAL_ACCENT_COLOR_NAME = AccentColor;
				CODE_SIGN_STYLE = Automatic;
				CURRENT_PROJECT_VERSION = 1.5.0;
				DEVELOPMENT_TEAM = 9963978RD9;
				GENERATE_INFOPLIST_FILE = YES;
				INFOPLIST_FILE = BinarySW/Info.plist;
				INFOPLIST_KEY_CFBundleDisplayName = "Binary Stop";
				INFOPLIST_KEY_NSUserTrackingUsageDescription = "許可するとお客さまに最適化された広告が表示されます。";
				INFOPLIST_KEY_UIApplicationSupportsIndirectInputEvents = YES;
				INFOPLIST_KEY_UILaunchStoryboardName = LaunchScreen;
				INFOPLIST_KEY_UIMainStoryboardFile = Main;
				INFOPLIST_KEY_UISupportedInterfaceOrientations = "UIInterfaceOrientationPortrait UIInterfaceOrientationPortraitUpsideDown";
				INFOPLIST_KEY_UISupportedInterfaceOrientations_iPad = "UIInterfaceOrientationPortrait UIInterfaceOrientationPortraitUpsideDown UIInterfaceOrientationLandscapeLeft UIInterfaceOrientationLandscapeRight";
				INFOPLIST_KEY_UISupportedInterfaceOrientations_iPhone = UIInterfaceOrientationPortrait;
				INFOPLIST_KEY_UIUserInterfaceStyle = Light;
				LD_RUNPATH_SEARCH_PATHS = (
					"$(inherited)",
					"@executable_path/Frameworks",
				);
				MARKETING_VERSION = 1.5.0;
				PRODUCT_BUNDLE_IDENTIFIER = "com.zaki-sta.Binary";
				PRODUCT_NAME = "$(TARGET_NAME)";
				SWIFT_EMIT_LOC_STRINGS = YES;
				SWIFT_VERSION = 5.0;
				TARGETED_DEVICE_FAMILY = 1;
			};
			name = Debug;
		};
		E409392A282D0BC4002EAF6B /* Release */ = {
			isa = XCBuildConfiguration;
			baseConfigurationReference = 0051EB121C05C51B49447FB7 /* Pods-BinarySW.release.xcconfig */;
			buildSettings = {
				ASSETCATALOG_COMPILER_APPICON_NAME = AppIcon;
				ASSETCATALOG_COMPILER_GLOBAL_ACCENT_COLOR_NAME = AccentColor;
				CODE_SIGN_STYLE = Automatic;
				CURRENT_PROJECT_VERSION = 1.5.0;
				DEVELOPMENT_TEAM = 9963978RD9;
				GENERATE_INFOPLIST_FILE = YES;
				INFOPLIST_FILE = BinarySW/Info.plist;
				INFOPLIST_KEY_CFBundleDisplayName = "Binary Stop";
				INFOPLIST_KEY_NSUserTrackingUsageDescription = "許可するとお客さまに最適化された広告が表示されます。";
				INFOPLIST_KEY_UIApplicationSupportsIndirectInputEvents = YES;
				INFOPLIST_KEY_UILaunchStoryboardName = LaunchScreen;
				INFOPLIST_KEY_UIMainStoryboardFile = Main;
				INFOPLIST_KEY_UISupportedInterfaceOrientations = "UIInterfaceOrientationPortrait UIInterfaceOrientationPortraitUpsideDown";
				INFOPLIST_KEY_UISupportedInterfaceOrientations_iPad = "UIInterfaceOrientationPortrait UIInterfaceOrientationPortraitUpsideDown UIInterfaceOrientationLandscapeLeft UIInterfaceOrientationLandscapeRight";
				INFOPLIST_KEY_UISupportedInterfaceOrientations_iPhone = UIInterfaceOrientationPortrait;
				INFOPLIST_KEY_UIUserInterfaceStyle = Light;
				LD_RUNPATH_SEARCH_PATHS = (
					"$(inherited)",
					"@executable_path/Frameworks",
				);
				MARKETING_VERSION = 1.5.0;
				PRODUCT_BUNDLE_IDENTIFIER = "com.zaki-sta.Binary";
				PRODUCT_NAME = "$(TARGET_NAME)";
				SWIFT_EMIT_LOC_STRINGS = YES;
				SWIFT_VERSION = 5.0;
				TARGETED_DEVICE_FAMILY = 1;
			};
			name = Release;
		};
/* End XCBuildConfiguration section */

/* Begin XCConfigurationList section */
		E409390F282D0BC1002EAF6B /* Build configuration list for PBXProject "BinarySW" */ = {
			isa = XCConfigurationList;
			buildConfigurations = (
				E4093926282D0BC4002EAF6B /* Debug */,
				E4093927282D0BC4002EAF6B /* Release */,
			);
			defaultConfigurationIsVisible = 0;
			defaultConfigurationName = Release;
		};
		E4093928282D0BC4002EAF6B /* Build configuration list for PBXNativeTarget "BinarySW" */ = {
			isa = XCConfigurationList;
			buildConfigurations = (
				E4093929282D0BC4002EAF6B /* Debug */,
				E409392A282D0BC4002EAF6B /* Release */,
			);
			defaultConfigurationIsVisible = 0;
			defaultConfigurationName = Release;
		};
/* End XCConfigurationList section */
	};
	rootObject = E409390C282D0BC1002EAF6B /* Project object */;
}
